
Microsoft Visual Studio Solution File, Format Version 12.00
# Visual Studio Version 16
VisualStudioVersion = 16.0.29613.14
MinimumVisualStudioVersion = 10.0.40219.1
Project("{FAE04EC0-301F-11D3-BF4B-00C04F79EFBC}") = "CajeBeta", "CajeBeta\CajeBeta.csproj", "{E8CFE418-DC4E-42D6-9118-8636E70752E8}"
EndProject
Global
	GlobalSection(SolutionConfigurationPlatforms) = preSolution
		Debug|Any CPU = Debug|Any CPU
		Release|Any CPU = Release|Any CPU
	EndGlobalSection
	GlobalSection(ProjectConfigurationPlatforms) = postSolution
		{E8CFE418-DC4E-42D6-9118-8636E70752E8}.Debug|Any CPU.ActiveCfg = Debug|Any CPU
		{E8CFE418-DC4E-42D6-9118-8636E70752E8}.Debug|Any CPU.Build.0 = Debug|Any CPU
		{E8CFE418-DC4E-42D6-9118-8636E70752E8}.Release|Any CPU.ActiveCfg = Release|Any CPU
		{E8CFE418-DC4E-42D6-9118-8636E70752E8}.Release|Any CPU.Build.0 = Release|Any CPU
	EndGlobalSection
	GlobalSection(SolutionProperties) = preSolution
		HideSolutionNode = FALSE
	EndGlobalSection
	GlobalSection(ExtensibilityGlobals) = postSolution
		SolutionGuid = {A62D1F81-76F6-4F0A-919B-0FE7340CB707}
	EndGlobalSection
EndGlobal
